
Microsoft Visual Studio Solution File, Format Version 12.00
# Visual Studio Version 17
VisualStudioVersion = 17.14.36408.4
MinimumVisualStudioVersion = 10.0.40219.1
Project("{FAE04EC0-301F-11D3-BF4B-00C04F79EFBC}") = "labs", "labs\labs.csproj", "{2B157768-12BE-4B08-8AAD-F4DC5DBE6E9B}"
EndProject
Project("{FAE04EC0-301F-11D3-BF4B-00C04F79EFBC}") = "lab2", "lab2\lab2.csproj", "{36F3ADB1-3B13-453B-8A82-595E5DBE2425}"
EndProject
Project("{FAE04EC0-301F-11D3-BF4B-00C04F79EFBC}") = "lab3", "lab3\lab3.csproj", "{A235931F-135A-4B93-B96C-6C2C30A0E279}"
EndProject
Global
	GlobalSection(SolutionConfigurationPlatforms) = preSolution
		Debug|Any CPU = Debug|Any CPU
		Release|Any CPU = Release|Any CPU
	EndGlobalSection
	GlobalSection(ProjectConfigurationPlatforms) = postSolution
		{2B157768-12BE-4B08-8AAD-F4DC5DBE6E9B}.Debug|Any CPU.ActiveCfg = Debug|Any CPU
		{2B157768-12BE-4B08-8AAD-F4DC5DBE6E9B}.Debug|Any CPU.Build.0 = Debug|Any CPU
		{2B157768-12BE-4B08-8AAD-F4DC5DBE6E9B}.Release|Any CPU.ActiveCfg = Release|Any CPU
		{2B157768-12BE-4B08-8AAD-F4DC5DBE6E9B}.Release|Any CPU.Build.0 = Release|Any CPU
		{36F3ADB1-3B13-453B-8A82-595E5DBE2425}.Debug|Any CPU.ActiveCfg = Debug|Any CPU
		{36F3ADB1-3B13-453B-8A82-595E5DBE2425}.Debug|Any CPU.Build.0 = Debug|Any CPU
		{36F3ADB1-3B13-453B-8A82-595E5DBE2425}.Release|Any CPU.ActiveCfg = Release|Any CPU
		{36F3ADB1-3B13-453B-8A82-595E5DBE2425}.Release|Any CPU.Build.0 = Release|Any CPU
		{A235931F-135A-4B93-B96C-6C2C30A0E279}.Debug|Any CPU.ActiveCfg = Debug|Any CPU
		{A235931F-135A-4B93-B96C-6C2C30A0E279}.Debug|Any CPU.Build.0 = Debug|Any CPU
		{A235931F-135A-4B93-B96C-6C2C30A0E279}.Release|Any CPU.ActiveCfg = Release|Any CPU
		{A235931F-135A-4B93-B96C-6C2C30A0E279}.Release|Any CPU.Build.0 = Release|Any CPU
	EndGlobalSection
	GlobalSection(SolutionProperties) = preSolution
		HideSolutionNode = FALSE
	EndGlobalSection
	GlobalSection(ExtensibilityGlobals) = postSolution
		SolutionGuid = {FDBAB20B-662E-4A08-A548-7903572B677A}
	EndGlobalSection
EndGlobal
